// !$*UTF8*$!
{
	archiveVersion = 1;
	classes = {
	};
	objectVersion = 51;
	objects = {

/* Begin PBXBuildFile section */
		8B32F7CA357233B4DDC38A5E /* libPods-WeatherGift.a in Frameworks */ = {isa = PBXBuildFile; fileRef = F9CA744F91AF782F146AFE36 /* libPods-WeatherGift.a */; };
		EACF3C672416D6B600C5091D /* AppDelegate.swift in Sources */ = {isa = PBXBuildFile; fileRef = EACF3C662416D6B600C5091D /* AppDelegate.swift */; };
		EACF3C692416D6B600C5091D /* SceneDelegate.swift in Sources */ = {isa = PBXBuildFile; fileRef = EACF3C682416D6B600C5091D /* SceneDelegate.swift */; };
		EACF3C6B2416D6B600C5091D /* LocationListViewController.swift in Sources */ = {isa = PBXBuildFile; fileRef = EACF3C6A2416D6B600C5091D /* LocationListViewController.swift */; };
		EACF3C6E2416D6B600C5091D /* Main.storyboard in Resources */ = {isa = PBXBuildFile; fileRef = EACF3C6C2416D6B600C5091D /* Main.storyboard */; };
		EACF3C702416D6BC00C5091D /* Assets.xcassets in Resources */ = {isa = PBXBuildFile; fileRef = EACF3C6F2416D6BC00C5091D /* Assets.xcassets */; };
		EACF3C732416D6BC00C5091D /* LaunchScreen.storyboard in Resources */ = {isa = PBXBuildFile; fileRef = EACF3C712416D6BC00C5091D /* LaunchScreen.storyboard */; };
		EACF3C7B2416D6F200C5091D /* WeatherLocation.swift in Sources */ = {isa = PBXBuildFile; fileRef = EACF3C7A2416D6F200C5091D /* WeatherLocation.swift */; };
		EAEB79332427C2D40034B89A /* APIKeys.swift in Sources */ = {isa = PBXBuildFile; fileRef = EAEB79322427C2D40034B89A /* APIKeys.swift */; };
		EAEB793524284C4A0034B89A /* LocationDetailViewController.swift in Sources */ = {isa = PBXBuildFile; fileRef = EAEB793424284C4A0034B89A /* LocationDetailViewController.swift */; };
/* End PBXBuildFile section */

/* Begin PBXFileReference section */
		7C217DD36C883D686197D234 /* Pods-WeatherGift.debug.xcconfig */ = {isa = PBXFileReference; includeInIndex = 1; lastKnownFileType = text.xcconfig; name = "Pods-WeatherGift.debug.xcconfig"; path = "Target Support Files/Pods-WeatherGift/Pods-WeatherGift.debug.xcconfig"; sourceTree = "<group>"; };
		91B3B81AD49AF86012251AA3 /* Pods-WeatherGift.release.xcconfig */ = {isa = PBXFileReference; includeInIndex = 1; lastKnownFileType = text.xcconfig; name = "Pods-WeatherGift.release.xcconfig"; path = "Target Support Files/Pods-WeatherGift/Pods-WeatherGift.release.xcconfig"; sourceTree = "<group>"; };
		EACF3C632416D6B600C5091D /* WeatherGift.app */ = {isa = PBXFileReference; explicitFileType = wrapper.application; includeInIndex = 0; path = WeatherGift.app; sourceTree = BUILT_PRODUCTS_DIR; };
		EACF3C662416D6B600C5091D /* AppDelegate.swift */ = {isa = PBXFileReference; lastKnownFileType = sourcecode.swift; path = AppDelegate.swift; sourceTree = "<group>"; };
		EACF3C682416D6B600C5091D /* SceneDelegate.swift */ = {isa = PBXFileReference; lastKnownFileType = sourcecode.swift; path = SceneDelegate.swift; sourceTree = "<group>"; };
		EACF3C6A2416D6B600C5091D /* LocationListViewController.swift */ = {isa = PBXFileReference; lastKnownFileType = sourcecode.swift; path = LocationListViewController.swift; sourceTree = "<group>"; };
		EACF3C6D2416D6B600C5091D /* Base */ = {isa = PBXFileReference; lastKnownFileType = file.storyboard; name = Base; path = Base.lproj/Main.storyboard; sourceTree = "<group>"; };
		EACF3C6F2416D6BC00C5091D /* Assets.xcassets */ = {isa = PBXFileReference; lastKnownFileType = folder.assetcatalog; path = Assets.xcassets; sourceTree = "<group>"; };
		EACF3C722416D6BC00C5091D /* Base */ = {isa = PBXFileReference; lastKnownFileType = file.storyboard; name = Base; path = Base.lproj/LaunchScreen.storyboard; sourceTree = "<group>"; };
		EACF3C742416D6BC00C5091D /* Info.plist */ = {isa = PBXFileReference; lastKnownFileType = text.plist.xml; path = Info.plist; sourceTree = "<group>"; };
		EACF3C7A2416D6F200C5091D /* WeatherLocation.swift */ = {isa = PBXFileReference; lastKnownFileType = sourcecode.swift; path = WeatherLocation.swift; sourceTree = "<group>"; };
		EAEB79322427C2D40034B89A /* APIKeys.swift */ = {isa = PBXFileReference; lastKnownFileType = sourcecode.swift; path = APIKeys.swift; sourceTree = "<group>"; };
		EAEB793424284C4A0034B89A /* LocationDetailViewController.swift */ = {isa = PBXFileReference; lastKnownFileType = sourcecode.swift; path = LocationDetailViewController.swift; sourceTree = "<group>"; };
		F9CA744F91AF782F146AFE36 /* libPods-WeatherGift.a */ = {isa = PBXFileReference; explicitFileType = archive.ar; includeInIndex = 0; path = "libPods-WeatherGift.a"; sourceTree = BUILT_PRODUCTS_DIR; };
/* End PBXFileReference section */

/* Begin PBXFrameworksBuildPhase section */
		EACF3C602416D6B600C5091D /* Frameworks */ = {
			isa = PBXFrameworksBuildPhase;
			buildActionMask = 2147483647;
			files = (
				8B32F7CA357233B4DDC38A5E /* libPods-WeatherGift.a in Frameworks */,
			);
			runOnlyForDeploymentPostprocessing = 0;
		};
/* End PBXFrameworksBuildPhase section */

/* Begin PBXGroup section */
		693BD312B82AE732118DEAE0 /* Frameworks */ = {
			isa = PBXGroup;
			children = (
				F9CA744F91AF782F146AFE36 /* libPods-WeatherGift.a */,
			);
			name = Frameworks;
			sourceTree = "<group>";
		};
		8E568CBECA2C8ADEF574DACD /* Pods */ = {
			isa = PBXGroup;
			children = (
				7C217DD36C883D686197D234 /* Pods-WeatherGift.debug.xcconfig */,
				91B3B81AD49AF86012251AA3 /* Pods-WeatherGift.release.xcconfig */,
			);
			path = Pods;
			sourceTree = "<group>";
		};
		EACF3C5A2416D6B600C5091D = {
			isa = PBXGroup;
			children = (
				EACF3C652416D6B600C5091D /* WeatherGift */,
				EACF3C642416D6B600C5091D /* Products */,
				8E568CBECA2C8ADEF574DACD /* Pods */,
				693BD312B82AE732118DEAE0 /* Frameworks */,
			);
			sourceTree = "<group>";
		};
		EACF3C642416D6B600C5091D /* Products */ = {
			isa = PBXGroup;
			children = (
				EACF3C632416D6B600C5091D /* WeatherGift.app */,
			);
			name = Products;
			sourceTree = "<group>";
		};
		EACF3C652416D6B600C5091D /* WeatherGift */ = {
			isa = PBXGroup;
			children = (
				EACF3C662416D6B600C5091D /* AppDelegate.swift */,
				EACF3C682416D6B600C5091D /* SceneDelegate.swift */,
				EACF3C7A2416D6F200C5091D /* WeatherLocation.swift */,
				EAEB793424284C4A0034B89A /* LocationDetailViewController.swift */,
				EACF3C6A2416D6B600C5091D /* LocationListViewController.swift */,
				EACF3C6C2416D6B600C5091D /* Main.storyboard */,
				EACF3C6F2416D6BC00C5091D /* Assets.xcassets */,
				EACF3C712416D6BC00C5091D /* LaunchScreen.storyboard */,
				EACF3C742416D6BC00C5091D /* Info.plist */,
				EAEB79322427C2D40034B89A /* APIKeys.swift */,
			);
			path = WeatherGift;
			sourceTree = "<group>";
		};
/* End PBXGroup section */

/* Begin PBXNativeTarget section */
		EACF3C622416D6B600C5091D /* WeatherGift */ = {
			isa = PBXNativeTarget;
			buildConfigurationList = EACF3C772416D6BC00C5091D /* Build configuration list for PBXNativeTarget "WeatherGift" */;
			buildPhases = (
				38A13BD497416BF50748BF5F /* [CP] Check Pods Manifest.lock */,
				EACF3C5F2416D6B600C5091D /* Sources */,
				EACF3C602416D6B600C5091D /* Frameworks */,
				EACF3C612416D6B600C5091D /* Resources */,
				11299D58AFE0E177B27C614F /* [CP] Copy Pods Resources */,
			);
			buildRules = (
			);
			dependencies = (
			);
			name = WeatherGift;
			productName = WeatherGift;
			productReference = EACF3C632416D6B600C5091D /* WeatherGift.app */;
			productType = "com.apple.product-type.application";
		};
/* End PBXNativeTarget section */

/* Begin PBXProject section */
		EACF3C5B2416D6B600C5091D /* Project object */ = {
			isa = PBXProject;
			attributes = {
				LastSwiftUpdateCheck = 1130;
				LastUpgradeCheck = 1130;
				ORGANIZATIONNAME = "Christopher Greene";
				TargetAttributes = {
					EACF3C622416D6B600C5091D = {
						CreatedOnToolsVersion = 11.3;
					};
				};
			};
			buildConfigurationList = EACF3C5E2416D6B600C5091D /* Build configuration list for PBXProject "WeatherGift" */;
			compatibilityVersion = "Xcode 9.3";
			developmentRegion = en;
			hasScannedForEncodings = 0;
			knownRegions = (
				en,
				Base,
			);
			mainGroup = EACF3C5A2416D6B600C5091D;
			productRefGroup = EACF3C642416D6B600C5091D /* Products */;
			projectDirPath = "";
			projectRoot = "";
			targets = (
				EACF3C622416D6B600C5091D /* WeatherGift */,
			);
		};
/* End PBXProject section */

/* Begin PBXResourcesBuildPhase section */
		EACF3C612416D6B600C5091D /* Resources */ = {
			isa = PBXResourcesBuildPhase;
			buildActionMask = 2147483647;
			files = (
				EACF3C732416D6BC00C5091D /* LaunchScreen.storyboard in Resources */,
				EACF3C702416D6BC00C5091D /* Assets.xcassets in Resources */,
				EACF3C6E2416D6B600C5091D /* Main.storyboard in Resources */,
			);
			runOnlyForDeploymentPostprocessing = 0;
		};
/* End PBXResourcesBuildPhase section */

/* Begin PBXShellScriptBuildPhase section */
		11299D58AFE0E177B27C614F /* [CP] Copy Pods Resources */ = {
			isa = PBXShellScriptBuildPhase;
			buildActionMask = 2147483647;
			files = (
			);
			inputFileListPaths = (
				"${PODS_ROOT}/Target Support Files/Pods-WeatherGift/Pods-WeatherGift-resources-${CONFIGURATION}-input-files.xcfilelist",
			);
			name = "[CP] Copy Pods Resources";
			outputFileListPaths = (
				"${PODS_ROOT}/Target Support Files/Pods-WeatherGift/Pods-WeatherGift-resources-${CONFIGURATION}-output-files.xcfilelist",
			);
			runOnlyForDeploymentPostprocessing = 0;
			shellPath = /bin/sh;
			shellScript = "\"${PODS_ROOT}/Target Support Files/Pods-WeatherGift/Pods-WeatherGift-resources.sh\"\n";
			showEnvVarsInLog = 0;
		};
		38A13BD497416BF50748BF5F /* [CP] Check Pods Manifest.lock */ = {
			isa = PBXShellScriptBuildPhase;
			buildActionMask = 2147483647;
			files = (
			);
			inputFileListPaths = (
			);
			inputPaths = (
				"${PODS_PODFILE_DIR_PATH}/Podfile.lock",
				"${PODS_ROOT}/Manifest.lock",
			);
			name = "[CP] Check Pods Manifest.lock";
			outputFileListPaths = (
			);
			outputPaths = (
				"$(DERIVED_FILE_DIR)/Pods-WeatherGift-checkManifestLockResult.txt",
			);
			runOnlyForDeploymentPostprocessing = 0;
			shellPath = /bin/sh;
			shellScript = "diff \"${PODS_PODFILE_DIR_PATH}/Podfile.lock\" \"${PODS_ROOT}/Manifest.lock\" > /dev/null\nif [ $? != 0 ] ; then\n    # print error to STDERR\n    echo \"error: The sandbox is not in sync with the Podfile.lock. Run 'pod install' or update your CocoaPods installation.\" >&2\n    exit 1\nfi\n# This output is used by Xcode 'outputs' to avoid re-running this script phase.\necho \"SUCCESS\" > \"${SCRIPT_OUTPUT_FILE_0}\"\n";
			showEnvVarsInLog = 0;
		};
/* End PBXShellScriptBuildPhase section */

/* Begin PBXSourcesBuildPhase section */
		EACF3C5F2416D6B600C5091D /* Sources */ = {
			isa = PBXSourcesBuildPhase;
			buildActionMask = 2147483647;
			files = (
				EACF3C6B2416D6B600C5091D /* LocationListViewController.swift in Sources */,
				EAEB79332427C2D40034B89A /* APIKeys.swift in Sources */,
				EACF3C7B2416D6F200C5091D /* WeatherLocation.swift in Sources */,
				EACF3C672416D6B600C5091D /* AppDelegate.swift in Sources */,
				EAEB793524284C4A0034B89A /* LocationDetailViewController.swift in Sources */,
				EACF3C692416D6B600C5091D /* SceneDelegate.swift in Sources */,
			);
			runOnlyForDeploymentPostprocessing = 0;
		};
/* End PBXSourcesBuildPhase section */

/* Begin PBXVariantGroup section */
		EACF3C6C2416D6B600C5091D /* Main.storyboard */ = {
			isa = PBXVariantGroup;
			children = (
				EACF3C6D2416D6B600C5091D /* Base */,
			);
			name = Main.storyboard;
			sourceTree = "<group>";
		};
		EACF3C712416D6BC00C5091D /* LaunchScreen.storyboard */ = {
			isa = PBXVariantGroup;
			children = (
				EACF3C722416D6BC00C5091D /* Base */,
			);
			name = LaunchScreen.storyboard;
			sourceTree = "<group>";
		};
/* End PBXVariantGroup section */

/* Begin XCBuildConfiguration section */
		EACF3C752416D6BC00C5091D /* Debug */ = {
			isa = XCBuildConfiguration;
			buildSettings = {
				ALWAYS_SEARCH_USER_PATHS = NO;
				CLANG_ANALYZER_NONNULL = YES;
				CLANG_ANALYZER_NUMBER_OBJECT_CONVERSION = YES_AGGRESSIVE;
				CLANG_CXX_LANGUAGE_STANDARD = "gnu++14";
				CLANG_CXX_LIBRARY = "libc++";
				CLANG_ENABLE_MODULES = YES;
				CLANG_ENABLE_OBJC_ARC = YES;
				CLANG_ENABLE_OBJC_WEAK = YES;
				CLANG_WARN_BLOCK_CAPTURE_AUTORELEASING = YES;
				CLANG_WARN_BOOL_CONVERSION = YES;
				CLANG_WARN_COMMA = YES;
				CLANG_WARN_CONSTANT_CONVERSION = YES;
				CLANG_WARN_DEPRECATED_OBJC_IMPLEMENTATIONS = YES;
				CLANG_WARN_DIRECT_OBJC_ISA_USAGE = YES_ERROR;
				CLANG_WARN_DOCUMENTATION_COMMENTS = YES;
				CLANG_WARN_EMPTY_BODY = YES;
				CLANG_WARN_ENUM_CONVERSION = YES;
				CLANG_WARN_INFINITE_RECURSION = YES;
				CLANG_WARN_INT_CONVERSION = YES;
				CLANG_WARN_NON_LITERAL_NULL_CONVERSION = YES;
				CLANG_WARN_OBJC_IMPLICIT_RETAIN_SELF = YES;
				CLANG_WARN_OBJC_LITERAL_CONVERSION = YES;
				CLANG_WARN_OBJC_ROOT_CLASS = YES_ERROR;
				CLANG_WARN_RANGE_LOOP_ANALYSIS = YES;
				CLANG_WARN_STRICT_PROTOTYPES = YES;
				CLANG_WARN_SUSPICIOUS_MOVE = YES;
				CLANG_WARN_UNGUARDED_AVAILABILITY = YES_AGGRESSIVE;
				CLANG_WARN_UNREACHABLE_CODE = YES;
				CLANG_WARN__DUPLICATE_METHOD_MATCH = YES;
				COPY_PHASE_STRIP = NO;
				DEBUG_INFORMATION_FORMAT = dwarf;
				ENABLE_STRICT_OBJC_MSGSEND = YES;
				ENABLE_TESTABILITY = YES;
				GCC_C_LANGUAGE_STANDARD = gnu11;
				GCC_DYNAMIC_NO_PIC = NO;
				GCC_NO_COMMON_BLOCKS = YES;
				GCC_OPTIMIZATION_LEVEL = 0;
				GCC_PREPROCESSOR_DEFINITIONS = (
					"DEBUG=1",
					"$(inherited)",
				);
				GCC_WARN_64_TO_32_BIT_CONVERSION = YES;
				GCC_WARN_ABOUT_RETURN_TYPE = YES_ERROR;
				GCC_WARN_UNDECLARED_SELECTOR = YES;
				GCC_WARN_UNINITIALIZED_AUTOS = YES_AGGRESSIVE;
				GCC_WARN_UNUSED_FUNCTION = YES;
				GCC_WARN_UNUSED_VARIABLE = YES;
				IPHONEOS_DEPLOYMENT_TARGET = 13.2;
				MTL_ENABLE_DEBUG_INFO = INCLUDE_SOURCE;
				MTL_FAST_MATH = YES;
				ONLY_ACTIVE_ARCH = YES;
				SDKROOT = iphoneos;
				SWIFT_ACTIVE_COMPILATION_CONDITIONS = DEBUG;
				SWIFT_OPTIMIZATION_LEVEL = "-Onone";
			};
			name = Debug;
		};
		EACF3C762416D6BC00C5091D /* Release */ = {
			isa = XCBuildConfiguration;
			buildSettings = {
				ALWAYS_SEARCH_USER_PATHS = NO;
				CLANG_ANALYZER_NONNULL = YES;
				CLANG_ANALYZER_NUMBER_OBJECT_CONVERSION = YES_AGGRESSIVE;
				CLANG_CXX_LANGUAGE_STANDARD = "gnu++14";
				CLANG_CXX_LIBRARY = "libc++";
				CLANG_ENABLE_MODULES = YES;
				CLANG_ENABLE_OBJC_ARC = YES;
				CLANG_ENABLE_OBJC_WEAK = YES;
				CLANG_WARN_BLOCK_CAPTURE_AUTORELEASING = YES;
				CLANG_WARN_BOOL_CONVERSION = YES;
				CLANG_WARN_COMMA = YES;
				CLANG_WARN_CONSTANT_CONVERSION = YES;
				CLANG_WARN_DEPRECATED_OBJC_IMPLEMENTATIONS = YES;
				CLANG_WARN_DIRECT_OBJC_ISA_USAGE = YES_ERROR;
				CLANG_WARN_DOCUMENTATION_COMMENTS = YES;
				CLANG_WARN_EMPTY_BODY = YES;
				CLANG_WARN_ENUM_CONVERSION = YES;
				CLANG_WARN_INFINITE_RECURSION = YES;
				CLANG_WARN_INT_CONVERSION = YES;
				CLANG_WARN_NON_LITERAL_NULL_CONVERSION = YES;
				CLANG_WARN_OBJC_IMPLICIT_RETAIN_SELF = YES;
				CLANG_WARN_OBJC_LITERAL_CONVERSION = YES;
				CLANG_WARN_OBJC_ROOT_CLASS = YES_ERROR;
				CLANG_WARN_RANGE_LOOP_ANALYSIS = YES;
				CLANG_WARN_STRICT_PROTOTYPES = YES;
				CLANG_WARN_SUSPICIOUS_MOVE = YES;
				CLANG_WARN_UNGUARDED_AVAILABILITY = YES_AGGRESSIVE;
				CLANG_WARN_UNREACHABLE_CODE = YES;
				CLANG_WARN__DUPLICATE_METHOD_MATCH = YES;
				COPY_PHASE_STRIP = NO;
				DEBUG_INFORMATION_FORMAT = "dwarf-with-dsym";
				ENABLE_NS_ASSERTIONS = NO;
				ENABLE_STRICT_OBJC_MSGSEND = YES;
				GCC_C_LANGUAGE_STANDARD = gnu11;
				GCC_NO_COMMON_BLOCKS = YES;
				GCC_WARN_64_TO_32_BIT_CONVERSION = YES;
				GCC_WARN_ABOUT_RETURN_TYPE = YES_ERROR;
				GCC_WARN_UNDECLARED_SELECTOR = YES;
				GCC_WARN_UNINITIALIZED_AUTOS = YES_AGGRESSIVE;
				GCC_WARN_UNUSED_FUNCTION = YES;
				GCC_WARN_UNUSED_VARIABLE = YES;
				IPHONEOS_DEPLOYMENT_TARGET = 13.2;
				MTL_ENABLE_DEBUG_INFO = NO;
				MTL_FAST_MATH = YES;
				SDKROOT = iphoneos;
				SWIFT_COMPILATION_MODE = wholemodule;
				SWIFT_OPTIMIZATION_LEVEL = "-O";
				VALIDATE_PRODUCT = YES;
			};
			name = Release;
		};
		EACF3C782416D6BC00C5091D /* Debug */ = {
			isa = XCBuildConfiguration;
			baseConfigurationReference = 7C217DD36C883D686197D234 /* Pods-WeatherGift.debug.xcconfig */;
			buildSettings = {
				ASSETCATALOG_COMPILER_APPICON_NAME = AppIcon;
				CODE_SIGN_STYLE = Automatic;
				DEVELOPMENT_TEAM = 7SJZABU66T;
				INFOPLIST_FILE = WeatherGift/Info.plist;
				LD_RUNPATH_SEARCH_PATHS = (
					"$(inherited)",
					"@executable_path/Frameworks",
				);
				PRODUCT_BUNDLE_IDENTIFIER = com.example.WeatherGift;
				PRODUCT_NAME = "$(TARGET_NAME)";
				SWIFT_VERSION = 5.0;
				TARGETED_DEVICE_FAMILY = "1,2";
			};
			name = Debug;
		};
		EACF3C792416D6BC00C5091D /* Release */ = {
			isa = XCBuildConfiguration;
			baseConfigurationReference = 91B3B81AD49AF86012251AA3 /* Pods-WeatherGift.release.xcconfig */;
			buildSettings = {
				ASSETCATALOG_COMPILER_APPICON_NAME = AppIcon;
				CODE_SIGN_STYLE = Automatic;
				DEVELOPMENT_TEAM = 7SJZABU66T;
				INFOPLIST_FILE = WeatherGift/Info.plist;
				LD_RUNPATH_SEARCH_PATHS = (
					"$(inherited)",
					"@executable_path/Frameworks",
				);
				PRODUCT_BUNDLE_IDENTIFIER = com.example.WeatherGift;
				PRODUCT_NAME = "$(TARGET_NAME)";
				SWIFT_VERSION = 5.0;
				TARGETED_DEVICE_FAMILY = "1,2";
			};
			name = Release;
		};
/* End XCBuildConfiguration section */

/* Begin XCConfigurationList section */
		EACF3C5E2416D6B600C5091D /* Build configuration list for PBXProject "WeatherGift" */ = {
			isa = XCConfigurationList;
			buildConfigurations = (
				EACF3C752416D6BC00C5091D /* Debug */,
				EACF3C762416D6BC00C5091D /* Release */,
			);
			defaultConfigurationIsVisible = 0;
			defaultConfigurationName = Release;
		};
		EACF3C772416D6BC00C5091D /* Build configuration list for PBXNativeTarget "WeatherGift" */ = {
			isa = XCConfigurationList;
			buildConfigurations = (
				EACF3C782416D6BC00C5091D /* Debug */,
				EACF3C792416D6BC00C5091D /* Release */,
			);
			defaultConfigurationIsVisible = 0;
			defaultConfigurationName = Release;
		};
/* End XCConfigurationList section */
	};
	rootObject = EACF3C5B2416D6B600C5091D /* Project object */;
}
